{
  "name": "front-end",
  "lockfileVersion": 3,
  "requires": true,
  "packages": {
    "": {
      "dependencies": {
        "@check-light-or-dark/image": "^1.0.5",
        "moment": "^2.29.4"
      }
    },
    "node_modules/@check-light-or-dark/image": {
      "version": "1.0.5",
      "resolved": "https://registry.npmjs.org/@check-light-or-dark/image/-/image-1.0.5.tgz",
      "integrity": "sha512-8nHgFUpYnyPtKHuGW6rDAVHSjnVSyXG9JrRE4y8chKYP98wirJVYAS++H21zpabLEkNz7DiViY1ThhjKlpp76Q==",
      "dependencies": {
        "@check-light-or-dark/utils": "1.0.1"
      }
    },
    "node_modules/@check-light-or-dark/utils": {
      "version": "1.0.1",
      "resolved": "https://registry.npmjs.org/@check-light-or-dark/utils/-/utils-1.0.1.tgz",
      "integrity": "sha512-TaWUR2ub7MEFyKJQvOW2i4GQFCpOcs8qQKDzyJuCdhN9ktXmoY738RxpJKN+xhcECtbst88OguklGhPL8w4aMA=="
    },
    "node_modules/moment": {
      "version": "2.29.4",
      "resolved": "https://registry.npmjs.org/moment/-/moment-2.29.4.tgz",
      "integrity": "sha512-5LC9SOxjSc2HF6vO2CyuTDNivEdoz2IvyJJGj6X8DJ0eFyfszE0QiEd+iXmBvUP3WHxSjFH/vIsA0EN00cgr8w==",
      "engines": {
        "node": "*"
      }
    }
  }
}
